github.com/life4/genesis v1.10.1 h1:qU3DH8hrtD/0qHUrfQhZhqYBtWHXrDqHQYsqZ4JVHbE=
github.com/life4/genesis v1.10.1/go.mod h1:jhY+sEN403+0uE54fjVAdVCYY8SCIrKioAatOlVJoGo=
github.com/matryer/is v1.4.0 h1:sosSmIWwkYITGrxZ25ULNDeKiMNzFSr4V/eqBQP0PeE=
github.com/matryer/is v1.4.0/go.mod h1:8I/i5uYgLzgsgEloJE1U6xx5HkBQpAZvepWuujKwMRU=
